PODS:
  - Alamofire (4.8.1)
  - Fakery (3.4.0)
  - Kingfisher (5.3.0)
  - NVActivityIndicatorView (4.6.1):
    - NVActivityIndicatorView/Presenter (= 4.6.1)
  - NVActivityIndicatorView/Presenter (4.6.1)
  - UIImageColors (2.1.0)

DEPENDENCIES:
  - Alamofire (~> 4.8.1)
  - Fakery (~> 3.4.0)
  - Kingfisher (~> 5.3.0)
  - NVActivityIndicatorView (~> 4.6.1)
  - UIImageColors (~> 2.1.0)

SPEC REPOS:
  https://github.com/cocoapods/specs.git:
    - Alamofire
    - Fakery
    - Kingfisher
    - NVActivityIndicatorView
    - UIImageColors

SPEC CHECKSUMS:
  Alamofire: 16ce2c353fb72865124ddae8a57c5942388f4f11
  Fakery: 885e894a3e7c392e1da96c6e46a1abe5a0b28686
  Kingfisher: 4692c783ffb99e9e2e40a6eb3e518c3b96c6fa8c
  NVActivityIndicatorView: 4ca19fccc84595a78957336a086d00a49be6ce61
  UIImageColors: d2ef3b0877d203cbb06489eeb78ea8b7788caabe

PODFILE CHECKSUM: 60eb17502f7f4a2921059797b536bca5b0335400

COCOAPODS: 1.6.0
